
Microsoft Visual Studio Solution File, Format Version 12.00
# Visual Studio Version 16
VisualStudioVersion = 16.0.30223.230
MinimumVisualStudioVersion = 10.0.40219.1
Project("{9A19103F-16F7-4668-BE54-9A1E7A4F7556}") = "ChiaPool.Server", "ChiaPool.Server\ChiaPool.Server.csproj", "{3F56DF82-2E45-4776-81FD-43DF369FC911}"
EndProject
Project("{9A19103F-16F7-4668-BE54-9A1E7A4F7556}") = "ChiaPool.Client", "ChiaPool.Client\ChiaPool.Client.csproj", "{EB4DF2A1-C8A6-4811-A24D-01ABD78F07B5}"
EndProject
Project("{9A19103F-16F7-4668-BE54-9A1E7A4F7556}") = "ChiaPool.Interface", "ChiaPool.Interface\ChiaPool.Interface.csproj", "{4262F84B-1B32-46B7-9604-E8130EDB2FCB}"
EndProject
Project("{2150E333-8FDC-42A3-9474-1A3956D46DE8}") = "Docker", "Docker", "{32D83479-5A96-4305-8488-C6CC9314FD2C}"
EndProject
Project("{2150E333-8FDC-42A3-9474-1A3956D46DE8}") = "Client", "Client", "{09F0F1A7-FC6D-4B75-859D-836C639B011F}"
	ProjectSection(SolutionItems) = preProject
		Docker\Client\docker-compose.yml = Docker\Client\docker-compose.yml
		Docker\Client\Dockerfile = Docker\Client\Dockerfile
		Docker\Client\entrypoint.sh = Docker\Client\entrypoint.sh
		Docker\Client\harvester.env = Docker\Client\harvester.env
	EndProjectSection
EndProject
Project("{2150E333-8FDC-42A3-9474-1A3956D46DE8}") = "Server", "Server", "{58F4BB16-9A0E-4EC5-95CB-5F85908D5580}"
	ProjectSection(SolutionItems) = preProject
		Docker\Server\docker-compose.yml = Docker\Server\docker-compose.yml
		Docker\Server\Dockerfile = Docker\Server\Dockerfile
		Docker\Server\entrypoint.sh = Docker\Server\entrypoint.sh
		Docker\Server\node.env = Docker\Server\node.env
	EndProjectSection
EndProject
Project("{2150E333-8FDC-42A3-9474-1A3956D46DE8}") = "Solution Items", "Solution Items", "{79892A9F-6348-4DC1-BC63-2368B627D00E}"
	ProjectSection(SolutionItems) = preProject
		Readme.md = Readme.md
	EndProjectSection
EndProject
Project("{9A19103F-16F7-4668-BE54-9A1E7A4F7556}") = "Chia.NET", "Chia.NET\Chia.NET.csproj", "{6E0F4B05-E4CF-44D3-A4AC-9D77FC71596E}"
EndProject
Project("{FAE04EC0-301F-11D3-BF4B-00C04F79EFBC}") = "ChiaPool.Net", "ChiaPool.Net\ChiaPool.Net.csproj", "{AA1B2EFB-E566-4CF3-8A12-EC54D83831FF}"
EndProject
Global
	GlobalSection(SolutionConfigurationPlatforms) = preSolution
		Debug|Any CPU = Debug|Any CPU
		Release|Any CPU = Release|Any CPU
	EndGlobalSection
	GlobalSection(ProjectConfigurationPlatforms) = postSolution
		{3F56DF82-2E45-4776-81FD-43DF369FC911}.Debug|Any CPU.ActiveCfg = Debug|Any CPU
		{3F56DF82-2E45-4776-81FD-43DF369FC911}.Debug|Any CPU.Build.0 = Debug|Any CPU
		{3F56DF82-2E45-4776-81FD-43DF369FC911}.Release|Any CPU.ActiveCfg = Release|Any CPU
		{3F56DF82-2E45-4776-81FD-43DF369FC911}.Release|Any CPU.Build.0 = Release|Any CPU
		{EB4DF2A1-C8A6-4811-A24D-01ABD78F07B5}.Debug|Any CPU.ActiveCfg = Debug|Any CPU
		{EB4DF2A1-C8A6-4811-A24D-01ABD78F07B5}.Debug|Any CPU.Build.0 = Debug|Any CPU
		{EB4DF2A1-C8A6-4811-A24D-01ABD78F07B5}.Release|Any CPU.ActiveCfg = Release|Any CPU
		{EB4DF2A1-C8A6-4811-A24D-01ABD78F07B5}.Release|Any CPU.Build.0 = Release|Any CPU
		{4262F84B-1B32-46B7-9604-E8130EDB2FCB}.Debug|Any CPU.ActiveCfg = Debug|Any CPU
		{4262F84B-1B32-46B7-9604-E8130EDB2FCB}.Debug|Any CPU.Build.0 = Debug|Any CPU
		{4262F84B-1B32-46B7-9604-E8130EDB2FCB}.Release|Any CPU.ActiveCfg = Release|Any CPU
		{4262F84B-1B32-46B7-9604-E8130EDB2FCB}.Release|Any CPU.Build.0 = Release|Any CPU
		{6E0F4B05-E4CF-44D3-A4AC-9D77FC71596E}.Debug|Any CPU.ActiveCfg = Debug|Any CPU
		{6E0F4B05-E4CF-44D3-A4AC-9D77FC71596E}.Debug|Any CPU.Build.0 = Debug|Any CPU
		{6E0F4B05-E4CF-44D3-A4AC-9D77FC71596E}.Release|Any CPU.ActiveCfg = Release|Any CPU
		{6E0F4B05-E4CF-44D3-A4AC-9D77FC71596E}.Release|Any CPU.Build.0 = Release|Any CPU
		{AA1B2EFB-E566-4CF3-8A12-EC54D83831FF}.Debug|Any CPU.ActiveCfg = Debug|Any CPU
		{AA1B2EFB-E566-4CF3-8A12-EC54D83831FF}.Debug|Any CPU.Build.0 = Debug|Any CPU
		{AA1B2EFB-E566-4CF3-8A12-EC54D83831FF}.Release|Any CPU.ActiveCfg = Release|Any CPU
		{AA1B2EFB-E566-4CF3-8A12-EC54D83831FF}.Release|Any CPU.Build.0 = Release|Any CPU
	EndGlobalSection
	GlobalSection(SolutionProperties) = preSolution
		HideSolutionNode = FALSE
	EndGlobalSection
	GlobalSection(NestedProjects) = preSolution
		{09F0F1A7-FC6D-4B75-859D-836C639B011F} = {32D83479-5A96-4305-8488-C6CC9314FD2C}
		{58F4BB16-9A0E-4EC5-95CB-5F85908D5580} = {32D83479-5A96-4305-8488-C6CC9314FD2C}
	EndGlobalSection
	GlobalSection(ExtensibilityGlobals) = postSolution
		SolutionGuid = {B31BC1D9-291C-41E8-8142-897D10366E18}
	EndGlobalSection
EndGlobal
